
Microsoft Visual Studio Solution File, Format Version 12.00
# Visual Studio Version 16
VisualStudioVersion = 16.0.29411.108
MinimumVisualStudioVersion = 10.0.40219.1
Project("{FAE04EC0-301F-11D3-BF4B-00C04F79EFBC}") = "Es_04 Eriditarieta02", "Es_04 Eriditarieta02\Es_04 Eriditarieta02.csproj", "{8C49F9EF-F6D0-40C0-86C7-1B889FD3E49E}"
EndProject
Global
	GlobalSection(SolutionConfigurationPlatforms) = preSolution
		Debug|Any CPU = Debug|Any CPU
		Release|Any CPU = Release|Any CPU
	EndGlobalSection
	GlobalSection(ProjectConfigurationPlatforms) = postSolution
		{8C49F9EF-F6D0-40C0-86C7-1B889FD3E49E}.Debug|Any CPU.ActiveCfg = Debug|Any CPU
		{8C49F9EF-F6D0-40C0-86C7-1B889FD3E49E}.Debug|Any CPU.Build.0 = Debug|Any CPU
		{8C49F9EF-F6D0-40C0-86C7-1B889FD3E49E}.Release|Any CPU.ActiveCfg = Release|Any CPU
		{8C49F9EF-F6D0-40C0-86C7-1B889FD3E49E}.Release|Any CPU.Build.0 = Release|Any CPU
	EndGlobalSection
	GlobalSection(SolutionProperties) = preSolution
		HideSolutionNode = FALSE
	EndGlobalSection
	GlobalSection(ExtensibilityGlobals) = postSolution
		SolutionGuid = {2E85B2EF-770D-4F13-91DC-46850F9CF3D4}
	EndGlobalSection
EndGlobal
