
Microsoft Visual Studio Solution File, Format Version 12.00
# Visual Studio Version 16
VisualStudioVersion = 16.0.29411.108
MinimumVisualStudioVersion = 10.0.40219.1
Project("{FAE04EC0-301F-11D3-BF4B-00C04F79EFBC}") = "OOP Es2", "OOP Es2\OOP Es2.csproj", "{897145BB-AFA2-4FB3-BC82-D7E0D611E38B}"
EndProject
Global
	GlobalSection(SolutionConfigurationPlatforms) = preSolution
		Debug|Any CPU = Debug|Any CPU
		Release|Any CPU = Release|Any CPU
	EndGlobalSection
	GlobalSection(ProjectConfigurationPlatforms) = postSolution
		{897145BB-AFA2-4FB3-BC82-D7E0D611E38B}.Debug|Any CPU.ActiveCfg = Debug|Any CPU
		{897145BB-AFA2-4FB3-BC82-D7E0D611E38B}.Debug|Any CPU.Build.0 = Debug|Any CPU
		{897145BB-AFA2-4FB3-BC82-D7E0D611E38B}.Release|Any CPU.ActiveCfg = Release|Any CPU
		{897145BB-AFA2-4FB3-BC82-D7E0D611E38B}.Release|Any CPU.Build.0 = Release|Any CPU
	EndGlobalSection
	GlobalSection(SolutionProperties) = preSolution
		HideSolutionNode = FALSE
	EndGlobalSection
	GlobalSection(ExtensibilityGlobals) = postSolution
		SolutionGuid = {950B7124-9576-48BE-AC28-10A56A2FF925}
	EndGlobalSection
EndGlobal
